<?xml version="1.0" encoding="UTF-8"?>
<!DOCTYPE plist PUBLIC "-//Apple//DTD PLIST 1.0//EN" "http://www.apple.com/DTDs/PropertyList-1.0.dtd">
<plist version="1.0">
<dict>
	<key>archiveVersion</key>
	<string>1</string>
	<key>classes</key>
	<dict/>
	<key>objectVersion</key>
	<string>46</string>
	<key>objects</key>
	<dict>
		<key>08ED5D6DF9FB496998D1D629</key>
		<dict>
			<key>fileRef</key>
			<string>5CDC51C581274F86A11A0736</string>
			<key>isa</key>
			<string>PBXBuildFile</string>
			<key>settings</key>
			<dict/>
		</dict>
		<key>5CDC51C581274F86A11A0736</key>
		<dict>
			<key>explicitFileType</key>
			<string>archive.ar</string>
			<key>includeInIndex</key>
			<string>0</string>
			<key>isa</key>
			<string>PBXFileReference</string>
			<key>name</key>
			<string>libPods.a</string>
			<key>path</key>
			<string>libPods.a</string>
			<key>sourceTree</key>
			<string>BUILT_PRODUCTS_DIR</string>
		</dict>
		<key>6A96A64FA6C24D0191429105</key>
		<dict>
			<key>buildActionMask</key>
			<string>2147483647</string>
			<key>files</key>
			<array/>
			<key>inputPaths</key>
			<array/>
			<key>isa</key>
			<string>PBXShellScriptBuildPhase</string>
			<key>name</key>
			<string>Check Pods Manifest.lock</string>
			<key>outputPaths</key>
			<array/>
			<key>runOnlyForDeploymentPostprocessing</key>
			<string>0</string>
			<key>shellPath</key>
			<string>/bin/sh</string>
			<key>shellScript</key>
			<string>diff "${PODS_ROOT}/../Podfile.lock" "${PODS_ROOT}/Manifest.lock" &gt; /dev/null
if [[ $? != 0 ]] ; then
    cat &lt;&lt; EOM
error: The sandbox is not in sync with the Podfile.lock. Run 'pod install' or update your CocoaPods installation.
EOM
    exit 1
fi
</string>
			<key>showEnvVarsInLog</key>
			<string>1</string>
		</dict>
		<key>6AFAA04B1770FBA300E61733</key>
		<dict>
			<key>children</key>
			<array>
				<string>6AFAA05D1770FBA300E61733</string>
				<string>6AFAA0811770FBA300E61733</string>
				<string>6AFAA0561770FBA300E61733</string>
				<string>6AFAA0551770FBA300E61733</string>
				<string>75DFB47D397041C98957838E</string>
			</array>
			<key>isa</key>
			<string>PBXGroup</string>
			<key>sourceTree</key>
			<string>&lt;group&gt;</string>
		</dict>
		<key>6AFAA04C1770FBA300E61733</key>
		<dict>
			<key>attributes</key>
			<dict>
				<key>LastUpgradeCheck</key>
				<string>0460</string>
				<key>ORGANIZATIONNAME</key>
				<string>Tristan Hume</string>
			</dict>
			<key>buildConfigurationList</key>
			<string>6AFAA04F1770FBA300E61733</string>
			<key>compatibilityVersion</key>
			<string>Xcode 3.2</string>
			<key>developmentRegion</key>
			<string>English</string>
			<key>hasScannedForEncodings</key>
			<string>0</string>
			<key>isa</key>
			<string>PBXProject</string>
			<key>knownRegions</key>
			<array>
				<string>en</string>
			</array>
			<key>mainGroup</key>
			<string>6AFAA04B1770FBA300E61733</string>
			<key>productRefGroup</key>
			<string>6AFAA0551770FBA300E61733</string>
			<key>projectDirPath</key>
			<string></string>
			<key>projectReferences</key>
			<array/>
			<key>projectRoot</key>
			<string></string>
			<key>targets</key>
			<array>
				<string>6AFAA0531770FBA300E61733</string>
				<string>6AFAA0791770FBA300E61733</string>
			</array>
		</dict>
		<key>6AFAA04F1770FBA300E61733</key>
		<dict>
			<key>buildConfigurations</key>
			<array>
				<string>6AFAA08A1770FBA300E61733</string>
				<string>6AFAA08B1770FBA300E61733</string>
			</array>
			<key>defaultConfigurationIsVisible</key>
			<string>0</string>
			<key>defaultConfigurationName</key>
			<string>Release</string>
			<key>isa</key>
			<string>XCConfigurationList</string>
		</dict>
		<key>6AFAA0501770FBA300E61733</key>
		<dict>
			<key>buildActionMask</key>
			<string>2147483647</string>
			<key>files</key>
			<array>
				<string>6AFAA0641770FBA300E61733</string>
				<string>6AFAA0681770FBA300E61733</string>
				<string>6AFAA0741770FBA300E61733</string>
				<string>6AFAA0971771040400E61733</string>
				<string>6AFAA09B177105E900E61733</string>
				<string>6AFAA09E1771060600E61733</string>
			</array>
			<key>isa</key>
			<string>PBXSourcesBuildPhase</string>
			<key>runOnlyForDeploymentPostprocessing</key>
			<string>0</string>
		</dict>
		<key>6AFAA0511770FBA300E61733</key>
		<dict>
			<key>buildActionMask</key>
			<string>2147483647</string>
			<key>files</key>
			<array>
				<string>6AFAA0581770FBA300E61733</string>
				<string>6AFAA05A1770FBA300E61733</string>
				<string>6AFAA05C1770FBA300E61733</string>
				<string>08ED5D6DF9FB496998D1D629</string>
			</array>
			<key>isa</key>
			<string>PBXFrameworksBuildPhase</string>
			<key>runOnlyForDeploymentPostprocessing</key>
			<string>0</string>
		</dict>
		<key>6AFAA0521770FBA300E61733</key>
		<dict>
			<key>buildActionMask</key>
			<string>2147483647</string>
			<key>files</key>
			<array>
				<string>6AFAA0621770FBA300E61733</string>
				<string>6AFAA06A1770FBA300E61733</string>
				<string>6AFAA06C1770FBA300E61733</string>
				<string>6AFAA06E1770FBA300E61733</string>
				<string>6AFAA0711770FBA300E61733</string>
			</array>
			<key>isa</key>
			<string>PBXResourcesBuildPhase</string>
			<key>runOnlyForDeploymentPostprocessing</key>
			<string>0</string>
		</dict>
		<key>6AFAA0531770FBA300E61733</key>
		<dict>
			<key>buildConfigurationList</key>
			<string>6AFAA08C1770FBA300E61733</string>
			<key>buildPhases</key>
			<array>
				<string>6A96A64FA6C24D0191429105</string>
				<string>6AFAA0501770FBA300E61733</string>
				<string>6AFAA0511770FBA300E61733</string>
				<string>6AFAA0521770FBA300E61733</string>
				<string>82274B3FEAED4752B568F996</string>
			</array>
			<key>buildRules</key>
			<array/>
			<key>dependencies</key>
			<array/>
			<key>isa</key>
			<string>PBXNativeTarget</string>
			<key>name</key>
			<string>FinanceLine</string>
			<key>productName</key>
			<string>FinanceLine</string>
			<key>productReference</key>
			<string>6AFAA0541770FBA300E61733</string>
			<key>productType</key>
			<string>com.apple.product-type.application</string>
		</dict>
		<key>6AFAA0541770FBA300E61733</key>
		<dict>
			<key>explicitFileType</key>
			<string>wrapper.application</string>
			<key>includeInIndex</key>
			<string>0</string>
			<key>isa</key>
			<string>PBXFileReference</string>
			<key>path</key>
			<string>FinanceLine.app</string>
			<key>sourceTree</key>
			<string>BUILT_PRODUCTS_DIR</string>
		</dict>
		<key>6AFAA0551770FBA300E61733</key>
		<dict>
			<key>children</key>
			<array>
				<string>6AFAA0541770FBA300E61733</string>
				<string>6AFAA07A1770FBA300E61733</string>
			</array>
			<key>isa</key>
			<string>PBXGroup</string>
			<key>name</key>
			<string>Products</string>
			<key>sourceTree</key>
			<string>&lt;group&gt;</string>
		</dict>
		<key>6AFAA0561770FBA300E61733</key>
		<dict>
			<key>children</key>
			<array>
				<string>6AFAA0571770FBA300E61733</string>
				<string>6AFAA0591770FBA300E61733</string>
				<string>6AFAA05B1770FBA300E61733</string>
				<string>6AFAA07B1770FBA300E61733</string>
				<string>5CDC51C581274F86A11A0736</string>
			</array>
			<key>isa</key>
			<string>PBXGroup</string>
			<key>name</key>
			<string>Frameworks</string>
			<key>sourceTree</key>
			<string>&lt;group&gt;</string>
		</dict>
		<key>6AFAA0571770FBA300E61733</key>
		<dict>
			<key>isa</key>
			<string>PBXFileReference</string>
			<key>lastKnownFileType</key>
			<string>wrapper.framework</string>
			<key>name</key>
			<string>UIKit.framework</string>
			<key>path</key>
			<string>System/Library/Frameworks/UIKit.framework</string>
			<key>sourceTree</key>
			<string>SDKROOT</string>
		</dict>
		<key>6AFAA0581770FBA300E61733</key>
		<dict>
			<key>fileRef</key>
			<string>6AFAA0571770FBA300E61733</string>
			<key>isa</key>
			<string>PBXBuildFile</string>
		</dict>
		<key>6AFAA0591770FBA300E61733</key>
		<dict>
			<key>isa</key>
			<string>PBXFileReference</string>
			<key>lastKnownFileType</key>
			<string>wrapper.framework</string>
			<key>name</key>
			<string>Foundation.framework</string>
			<key>path</key>
			<string>System/Library/Frameworks/Foundation.framework</string>
			<key>sourceTree</key>
			<string>SDKROOT</string>
		</dict>
		<key>6AFAA05A1770FBA300E61733</key>
		<dict>
			<key>fileRef</key>
			<string>6AFAA0591770FBA300E61733</string>
			<key>isa</key>
			<string>PBXBuildFile</string>
		</dict>
		<key>6AFAA05B1770FBA300E61733</key>
		<dict>
			<key>isa</key>
			<string>PBXFileReference</string>
			<key>lastKnownFileType</key>
			<string>wrapper.framework</string>
			<key>name</key>
			<string>CoreGraphics.framework</string>
			<key>path</key>
			<string>System/Library/Frameworks/CoreGraphics.framework</string>
			<key>sourceTree</key>
			<string>SDKROOT</string>
		</dict>
		<key>6AFAA05C1770FBA300E61733</key>
		<dict>
			<key>fileRef</key>
			<string>6AFAA05B1770FBA300E61733</string>
			<key>isa</key>
			<string>PBXBuildFile</string>
		</dict>
		<key>6AFAA05D1770FBA300E61733</key>
		<dict>
			<key>children</key>
			<array>
				<string>6AFAA098177105D700E61733</string>
				<string>6AFAA05E1770FBA300E61733</string>
				<string>6AFAA0661770FBA300E61733</string>
				<string>6AFAA0671770FBA300E61733</string>
				<string>6AFAA06F1770FBA300E61733</string>
				<string>6AFAA0721770FBA300E61733</string>
				<string>6AFAA0731770FBA300E61733</string>
				<string>6AFAA0951771040400E61733</string>
				<string>6AFAA0961771040400E61733</string>
			</array>
			<key>isa</key>
			<string>PBXGroup</string>
			<key>path</key>
			<string>FinanceLine</string>
			<key>sourceTree</key>
			<string>&lt;group&gt;</string>
		</dict>
		<key>6AFAA05E1770FBA300E61733</key>
		<dict>
			<key>children</key>
			<array>
				<string>6AFAA05F1770FBA300E61733</string>
				<string>6AFAA0601770FBA300E61733</string>
				<string>6AFAA0631770FBA300E61733</string>
				<string>6AFAA0651770FBA300E61733</string>
				<string>6AFAA0691770FBA300E61733</string>
				<string>6AFAA06B1770FBA300E61733</string>
				<string>6AFAA06D1770FBA300E61733</string>
			</array>
			<key>isa</key>
			<string>PBXGroup</string>
			<key>name</key>
			<string>Supporting Files</string>
			<key>sourceTree</key>
			<string>&lt;group&gt;</string>
		</dict>
		<key>6AFAA05F1770FBA300E61733</key>
		<dict>
			<key>isa</key>
			<string>PBXFileReference</string>
			<key>lastKnownFileType</key>
			<string>text.plist.xml</string>
			<key>path</key>
			<string>FinanceLine-Info.plist</string>
			<key>sourceTree</key>
			<string>&lt;group&gt;</string>
		</dict>
		<key>6AFAA0601770FBA300E61733</key>
		<dict>
			<key>children</key>
			<array>
				<string>6AFAA0611770FBA300E61733</string>
			</array>
			<key>isa</key>
			<string>PBXVariantGroup</string>
			<key>name</key>
			<string>InfoPlist.strings</string>
			<key>sourceTree</key>
			<string>&lt;group&gt;</string>
		</dict>
		<key>6AFAA0611770FBA300E61733</key>
		<dict>
			<key>isa</key>
			<string>PBXFileReference</string>
			<key>lastKnownFileType</key>
			<string>text.plist.strings</string>
			<key>name</key>
			<string>en</string>
			<key>path</key>
			<string>en.lproj/InfoPlist.strings</string>
			<key>sourceTree</key>
			<string>&lt;group&gt;</string>
		</dict>
		<key>6AFAA0621770FBA300E61733</key>
		<dict>
			<key>fileRef</key>
			<string>6AFAA0601770FBA300E61733</string>
			<key>isa</key>
			<string>PBXBuildFile</string>
		</dict>
		<key>6AFAA0631770FBA300E61733</key>
		<dict>
			<key>isa</key>
			<string>PBXFileReference</string>
			<key>lastKnownFileType</key>
			<string>sourcecode.c.objc</string>
			<key>path</key>
			<string>main.m</string>
			<key>sourceTree</key>
			<string>&lt;group&gt;</string>
		</dict>
		<key>6AFAA0641770FBA300E61733</key>
		<dict>
			<key>fileRef</key>
			<string>6AFAA0631770FBA300E61733</string>
			<key>isa</key>
			<string>PBXBuildFile</string>
		</dict>
		<key>6AFAA0651770FBA300E61733</key>
		<dict>
			<key>isa</key>
			<string>PBXFileReference</string>
			<key>lastKnownFileType</key>
			<string>sourcecode.c.h</string>
			<key>path</key>
			<string>FinanceLine-Prefix.pch</string>
			<key>sourceTree</key>
			<string>&lt;group&gt;</string>
		</dict>
		<key>6AFAA0661770FBA300E61733</key>
		<dict>
			<key>isa</key>
			<string>PBXFileReference</string>
			<key>lastKnownFileType</key>
			<string>sourcecode.c.h</string>
			<key>path</key>
			<string>AppDelegate.h</string>
			<key>sourceTree</key>
			<string>&lt;group&gt;</string>
		</dict>
		<key>6AFAA0671770FBA300E61733</key>
		<dict>
			<key>isa</key>
			<string>PBXFileReference</string>
			<key>lastKnownFileType</key>
			<string>sourcecode.c.objc</string>
			<key>path</key>
			<string>AppDelegate.m</string>
			<key>sourceTree</key>
			<string>&lt;group&gt;</string>
		</dict>
		<key>6AFAA0681770FBA300E61733</key>
		<dict>
			<key>fileRef</key>
			<string>6AFAA0671770FBA300E61733</string>
			<key>isa</key>
			<string>PBXBuildFile</string>
		</dict>
		<key>6AFAA0691770FBA300E61733</key>
		<dict>
			<key>isa</key>
			<string>PBXFileReference</string>
			<key>lastKnownFileType</key>
			<string>image.png</string>
			<key>path</key>
			<string>Default.png</string>
			<key>sourceTree</key>
			<string>&lt;group&gt;</string>
		</dict>
		<key>6AFAA06A1770FBA300E61733</key>
		<dict>
			<key>fileRef</key>
			<string>6AFAA0691770FBA300E61733</string>
			<key>isa</key>
			<string>PBXBuildFile</string>
		</dict>
		<key>6AFAA06B1770FBA300E61733</key>
		<dict>
			<key>isa</key>
			<string>PBXFileReference</string>
			<key>lastKnownFileType</key>
			<string>image.png</string>
			<key>path</key>
			<string>Default@2x.png</string>
			<key>sourceTree</key>
			<string>&lt;group&gt;</string>
		</dict>
		<key>6AFAA06C1770FBA300E61733</key>
		<dict>
			<key>fileRef</key>
			<string>6AFAA06B1770FBA300E61733</string>
			<key>isa</key>
			<string>PBXBuildFile</string>
		</dict>
		<key>6AFAA06D1770FBA300E61733</key>
		<dict>
			<key>isa</key>
			<string>PBXFileReference</string>
			<key>lastKnownFileType</key>
			<string>image.png</string>
			<key>path</key>
			<string>Default-568h@2x.png</string>
			<key>sourceTree</key>
			<string>&lt;group&gt;</string>
		</dict>
		<key>6AFAA06E1770FBA300E61733</key>
		<dict>
			<key>fileRef</key>
			<string>6AFAA06D1770FBA300E61733</string>
			<key>isa</key>
			<string>PBXBuildFile</string>
		</dict>
		<key>6AFAA06F1770FBA300E61733</key>
		<dict>
			<key>children</key>
			<array>
				<string>6AFAA0701770FBA300E61733</string>
			</array>
			<key>isa</key>
			<string>PBXVariantGroup</string>
			<key>name</key>
			<string>MainStoryboard.storyboard</string>
			<key>sourceTree</key>
			<string>&lt;group&gt;</string>
		</dict>
		<key>6AFAA0701770FBA300E61733</key>
		<dict>
			<key>isa</key>
			<string>PBXFileReference</string>
			<key>lastKnownFileType</key>
			<string>file.storyboard</string>
			<key>name</key>
			<string>en</string>
			<key>path</key>
			<string>en.lproj/MainStoryboard.storyboard</string>
			<key>sourceTree</key>
			<string>&lt;group&gt;</string>
		</dict>
		<key>6AFAA0711770FBA300E61733</key>
		<dict>
			<key>fileRef</key>
			<string>6AFAA06F1770FBA300E61733</string>
			<key>isa</key>
			<string>PBXBuildFile</string>
		</dict>
		<key>6AFAA0721770FBA300E61733</key>
		<dict>
			<key>isa</key>
			<string>PBXFileReference</string>
			<key>lastKnownFileType</key>
			<string>sourcecode.c.h</string>
			<key>path</key>
			<string>TimelineViewController.h</string>
			<key>sourceTree</key>
			<string>&lt;group&gt;</string>
		</dict>
		<key>6AFAA0731770FBA300E61733</key>
		<dict>
			<key>isa</key>
			<string>PBXFileReference</string>
			<key>lastKnownFileType</key>
			<string>sourcecode.c.objc</string>
			<key>path</key>
			<string>TimelineViewController.m</string>
			<key>sourceTree</key>
			<string>&lt;group&gt;</string>
		</dict>
		<key>6AFAA0741770FBA300E61733</key>
		<dict>
			<key>fileRef</key>
			<string>6AFAA0731770FBA300E61733</string>
			<key>isa</key>
			<string>PBXBuildFile</string>
		</dict>
		<key>6AFAA0751770FBA300E61733</key>
		<dict>
			<key>buildActionMask</key>
			<string>2147483647</string>
			<key>files</key>
			<array>
				<string>6AFAA0891770FBA300E61733</string>
			</array>
			<key>isa</key>
			<string>PBXSourcesBuildPhase</string>
			<key>runOnlyForDeploymentPostprocessing</key>
			<string>0</string>
		</dict>
		<key>6AFAA0761770FBA300E61733</key>
		<dict>
			<key>buildActionMask</key>
			<string>2147483647</string>
			<key>files</key>
			<array>
				<string>6AFAA07C1770FBA300E61733</string>
				<string>6AFAA07D1770FBA300E61733</string>
				<string>6AFAA07E1770FBA300E61733</string>
			</array>
			<key>isa</key>
			<string>PBXFrameworksBuildPhase</string>
			<key>runOnlyForDeploymentPostprocessing</key>
			<string>0</string>
		</dict>
		<key>6AFAA0771770FBA300E61733</key>
		<dict>
			<key>buildActionMask</key>
			<string>2147483647</string>
			<key>files</key>
			<array>
				<string>6AFAA0861770FBA300E61733</string>
			</array>
			<key>isa</key>
			<string>PBXResourcesBuildPhase</string>
			<key>runOnlyForDeploymentPostprocessing</key>
			<string>0</string>
		</dict>
		<key>6AFAA0781770FBA300E61733</key>
		<dict>
			<key>buildActionMask</key>
			<string>2147483647</string>
			<key>files</key>
			<array/>
			<key>inputPaths</key>
			<array/>
			<key>isa</key>
			<string>PBXShellScriptBuildPhase</string>
			<key>outputPaths</key>
			<array/>
			<key>runOnlyForDeploymentPostprocessing</key>
			<string>0</string>
			<key>shellPath</key>
			<string>/bin/sh</string>
			<key>shellScript</key>
			<string># Run the unit tests in this test bundle.
"${SYSTEM_DEVELOPER_DIR}/Tools/RunUnitTests"
</string>
		</dict>
		<key>6AFAA0791770FBA300E61733</key>
		<dict>
			<key>buildConfigurationList</key>
			<string>6AFAA08F1770FBA300E61733</string>
			<key>buildPhases</key>
			<array>
				<string>6AFAA0751770FBA300E61733</string>
				<string>6AFAA0761770FBA300E61733</string>
				<string>6AFAA0771770FBA300E61733</string>
				<string>6AFAA0781770FBA300E61733</string>
			</array>
			<key>buildRules</key>
			<array/>
			<key>dependencies</key>
			<array>
				<string>6AFAA0801770FBA300E61733</string>
			</array>
			<key>isa</key>
			<string>PBXNativeTarget</string>
			<key>name</key>
			<string>FinanceLineTests</string>
			<key>productName</key>
			<string>FinanceLineTests</string>
			<key>productReference</key>
			<string>6AFAA07A1770FBA300E61733</string>
			<key>productType</key>
			<string>com.apple.product-type.bundle</string>
		</dict>
		<key>6AFAA07A1770FBA300E61733</key>
		<dict>
			<key>explicitFileType</key>
			<string>wrapper.cfbundle</string>
			<key>includeInIndex</key>
			<string>0</string>
			<key>isa</key>
			<string>PBXFileReference</string>
			<key>path</key>
			<string>FinanceLineTests.octest</string>
			<key>sourceTree</key>
			<string>BUILT_PRODUCTS_DIR</string>
		</dict>
		<key>6AFAA07B1770FBA300E61733</key>
		<dict>
			<key>isa</key>
			<string>PBXFileReference</string>
			<key>lastKnownFileType</key>
			<string>wrapper.framework</string>
			<key>name</key>
			<string>SenTestingKit.framework</string>
			<key>path</key>
			<string>Library/Frameworks/SenTestingKit.framework</string>
			<key>sourceTree</key>
			<string>DEVELOPER_DIR</string>
		</dict>
		<key>6AFAA07C1770FBA300E61733</key>
		<dict>
			<key>fileRef</key>
			<string>6AFAA07B1770FBA300E61733</string>
			<key>isa</key>
			<string>PBXBuildFile</string>
		</dict>
		<key>6AFAA07D1770FBA300E61733</key>
		<dict>
			<key>fileRef</key>
			<string>6AFAA0571770FBA300E61733</string>
			<key>isa</key>
			<string>PBXBuildFile</string>
		</dict>
		<key>6AFAA07E1770FBA300E61733</key>
		<dict>
			<key>fileRef</key>
			<string>6AFAA0591770FBA300E61733</string>
			<key>isa</key>
			<string>PBXBuildFile</string>
		</dict>
		<key>6AFAA07F1770FBA300E61733</key>
		<dict>
			<key>containerPortal</key>
			<string>6AFAA04C1770FBA300E61733</string>
			<key>isa</key>
			<string>PBXContainerItemProxy</string>
			<key>proxyType</key>
			<string>1</string>
			<key>remoteGlobalIDString</key>
			<string>6AFAA0531770FBA300E61733</string>
			<key>remoteInfo</key>
			<string>FinanceLine</string>
		</dict>
		<key>6AFAA0801770FBA300E61733</key>
		<dict>
			<key>isa</key>
			<string>PBXTargetDependency</string>
			<key>target</key>
			<string>6AFAA0531770FBA300E61733</string>
			<key>targetProxy</key>
			<string>6AFAA07F1770FBA300E61733</string>
		</dict>
		<key>6AFAA0811770FBA300E61733</key>
		<dict>
			<key>children</key>
			<array>
				<string>6AFAA0871770FBA300E61733</string>
				<string>6AFAA0881770FBA300E61733</string>
				<string>6AFAA0821770FBA300E61733</string>
			</array>
			<key>isa</key>
			<string>PBXGroup</string>
			<key>path</key>
			<string>FinanceLineTests</string>
			<key>sourceTree</key>
			<string>&lt;group&gt;</string>
		</dict>
		<key>6AFAA0821770FBA300E61733</key>
		<dict>
			<key>children</key>
			<array>
				<string>6AFAA0831770FBA300E61733</string>
				<string>6AFAA0841770FBA300E61733</string>
			</array>
			<key>isa</key>
			<string>PBXGroup</string>
			<key>name</key>
			<string>Supporting Files</string>
			<key>sourceTree</key>
			<string>&lt;group&gt;</string>
		</dict>
		<key>6AFAA0831770FBA300E61733</key>
		<dict>
			<key>isa</key>
			<string>PBXFileReference</string>
			<key>lastKnownFileType</key>
			<string>text.plist.xml</string>
			<key>path</key>
			<string>FinanceLineTests-Info.plist</string>
			<key>sourceTree</key>
			<string>&lt;group&gt;</string>
		</dict>
		<key>6AFAA0841770FBA300E61733</key>
		<dict>
			<key>children</key>
			<array>
				<string>6AFAA0851770FBA300E61733</string>
			</array>
			<key>isa</key>
			<string>PBXVariantGroup</string>
			<key>name</key>
			<string>InfoPlist.strings</string>
			<key>sourceTree</key>
			<string>&lt;group&gt;</string>
		</dict>
		<key>6AFAA0851770FBA300E61733</key>
		<dict>
			<key>isa</key>
			<string>PBXFileReference</string>
			<key>lastKnownFileType</key>
			<string>text.plist.strings</string>
			<key>name</key>
			<string>en</string>
			<key>path</key>
			<string>en.lproj/InfoPlist.strings</string>
			<key>sourceTree</key>
			<string>&lt;group&gt;</string>
		</dict>
		<key>6AFAA0861770FBA300E61733</key>
		<dict>
			<key>fileRef</key>
			<string>6AFAA0841770FBA300E61733</string>
			<key>isa</key>
			<string>PBXBuildFile</string>
		</dict>
		<key>6AFAA0871770FBA300E61733</key>
		<dict>
			<key>isa</key>
			<string>PBXFileReference</string>
			<key>lastKnownFileType</key>
			<string>sourcecode.c.h</string>
			<key>path</key>
			<string>FinanceLineTests.h</string>
			<key>sourceTree</key>
			<string>&lt;group&gt;</string>
		</dict>
		<key>6AFAA0881770FBA300E61733</key>
		<dict>
			<key>isa</key>
			<string>PBXFileReference</string>
			<key>lastKnownFileType</key>
			<string>sourcecode.c.objc</string>
			<key>path</key>
			<string>FinanceLineTests.m</string>
			<key>sourceTree</key>
			<string>&lt;group&gt;</string>
		</dict>
		<key>6AFAA0891770FBA300E61733</key>
		<dict>
			<key>fileRef</key>
			<string>6AFAA0881770FBA300E61733</string>
			<key>isa</key>
			<string>PBXBuildFile</string>
		</dict>
		<key>6AFAA08A1770FBA300E61733</key>
		<dict>
			<key>buildSettings</key>
			<dict>
				<key>ALWAYS_SEARCH_USER_PATHS</key>
				<string>NO</string>
				<key>CLANG_CXX_LANGUAGE_STANDARD</key>
				<string>gnu++0x</string>
				<key>CLANG_CXX_LIBRARY</key>
				<string>libc++</string>
				<key>CLANG_ENABLE_OBJC_ARC</key>
				<string>YES</string>
				<key>CLANG_WARN_CONSTANT_CONVERSION</key>
				<string>YES</string>
				<key>CLANG_WARN_EMPTY_BODY</key>
				<string>YES</string>
				<key>CLANG_WARN_ENUM_CONVERSION</key>
				<string>YES</string>
				<key>CLANG_WARN_INT_CONVERSION</key>
				<string>YES</string>
				<key>CLANG_WARN__DUPLICATE_METHOD_MATCH</key>
				<string>YES</string>
				<key>CODE_SIGN_IDENTITY[sdk=iphoneos*]</key>
				<string>iPhone Developer</string>
				<key>COPY_PHASE_STRIP</key>
				<string>NO</string>
				<key>GCC_C_LANGUAGE_STANDARD</key>
				<string>gnu99</string>
				<key>GCC_DYNAMIC_NO_PIC</key>
				<string>NO</string>
				<key>GCC_OPTIMIZATION_LEVEL</key>
				<string>0</string>
				<key>GCC_PREPROCESSOR_DEFINITIONS</key>
				<array>
					<string>DEBUG=1</string>
					<string>$(inherited)</string>
				</array>
				<key>GCC_SYMBOLS_PRIVATE_EXTERN</key>
				<string>NO</string>
				<key>GCC_WARN_ABOUT_RETURN_TYPE</key>
				<string>YES</string>
				<key>GCC_WARN_UNINITIALIZED_AUTOS</key>
				<string>YES</string>
				<key>GCC_WARN_UNUSED_VARIABLE</key>
				<string>YES</string>
				<key>IPHONEOS_DEPLOYMENT_TARGET</key>
				<string>6.1</string>
				<key>ONLY_ACTIVE_ARCH</key>
				<string>YES</string>
				<key>SDKROOT</key>
				<string>iphoneos</string>
				<key>TARGETED_DEVICE_FAMILY</key>
				<string>2</string>
			</dict>
			<key>isa</key>
			<string>XCBuildConfiguration</string>
			<key>name</key>
			<string>Debug</string>
		</dict>
		<key>6AFAA08B1770FBA300E61733</key>
		<dict>
			<key>buildSettings</key>
			<dict>
				<key>ALWAYS_SEARCH_USER_PATHS</key>
				<string>NO</string>
				<key>CLANG_CXX_LANGUAGE_STANDARD</key>
				<string>gnu++0x</string>
				<key>CLANG_CXX_LIBRARY</key>
				<string>libc++</string>
				<key>CLANG_ENABLE_OBJC_ARC</key>
				<string>YES</string>
				<key>CLANG_WARN_CONSTANT_CONVERSION</key>
				<string>YES</string>
				<key>CLANG_WARN_EMPTY_BODY</key>
				<string>YES</string>
				<key>CLANG_WARN_ENUM_CONVERSION</key>
				<string>YES</string>
				<key>CLANG_WARN_INT_CONVERSION</key>
				<string>YES</string>
				<key>CLANG_WARN__DUPLICATE_METHOD_MATCH</key>
				<string>YES</string>
				<key>CODE_SIGN_IDENTITY[sdk=iphoneos*]</key>
				<string>iPhone Developer</string>
				<key>COPY_PHASE_STRIP</key>
				<string>YES</string>
				<key>GCC_C_LANGUAGE_STANDARD</key>
				<string>gnu99</string>
				<key>GCC_WARN_ABOUT_RETURN_TYPE</key>
				<string>YES</string>
				<key>GCC_WARN_UNINITIALIZED_AUTOS</key>
				<string>YES</string>
				<key>GCC_WARN_UNUSED_VARIABLE</key>
				<string>YES</string>
				<key>IPHONEOS_DEPLOYMENT_TARGET</key>
				<string>6.1</string>
				<key>OTHER_CFLAGS</key>
				<string>-DNS_BLOCK_ASSERTIONS=1</string>
				<key>SDKROOT</key>
				<string>iphoneos</string>
				<key>TARGETED_DEVICE_FAMILY</key>
				<string>2</string>
				<key>VALIDATE_PRODUCT</key>
				<string>YES</string>
			</dict>
			<key>isa</key>
			<string>XCBuildConfiguration</string>
			<key>name</key>
			<string>Release</string>
		</dict>
		<key>6AFAA08C1770FBA300E61733</key>
		<dict>
			<key>buildConfigurations</key>
			<array>
				<string>6AFAA08D1770FBA300E61733</string>
				<string>6AFAA08E1770FBA300E61733</string>
			</array>
			<key>defaultConfigurationIsVisible</key>
			<string>0</string>
			<key>isa</key>
			<string>XCConfigurationList</string>
		</dict>
		<key>6AFAA08D1770FBA300E61733</key>
		<dict>
			<key>baseConfigurationReference</key>
			<string>75DFB47D397041C98957838E</string>
			<key>buildSettings</key>
			<dict>
				<key>GCC_PRECOMPILE_PREFIX_HEADER</key>
				<string>YES</string>
				<key>GCC_PREFIX_HEADER</key>
				<string>FinanceLine/FinanceLine-Prefix.pch</string>
				<key>INFOPLIST_FILE</key>
				<string>FinanceLine/FinanceLine-Info.plist</string>
				<key>PRODUCT_NAME</key>
				<string>$(TARGET_NAME)</string>
				<key>WRAPPER_EXTENSION</key>
				<string>app</string>
			</dict>
			<key>isa</key>
			<string>XCBuildConfiguration</string>
			<key>name</key>
			<string>Debug</string>
		</dict>
		<key>6AFAA08E1770FBA300E61733</key>
		<dict>
			<key>baseConfigurationReference</key>
			<string>75DFB47D397041C98957838E</string>
			<key>buildSettings</key>
			<dict>
				<key>GCC_PRECOMPILE_PREFIX_HEADER</key>
				<string>YES</string>
				<key>GCC_PREFIX_HEADER</key>
				<string>FinanceLine/FinanceLine-Prefix.pch</string>
				<key>INFOPLIST_FILE</key>
				<string>FinanceLine/FinanceLine-Info.plist</string>
				<key>PRODUCT_NAME</key>
				<string>$(TARGET_NAME)</string>
				<key>WRAPPER_EXTENSION</key>
				<string>app</string>
			</dict>
			<key>isa</key>
			<string>XCBuildConfiguration</string>
			<key>name</key>
			<string>Release</string>
		</dict>
		<key>6AFAA08F1770FBA300E61733</key>
		<dict>
			<key>buildConfigurations</key>
			<array>
				<string>6AFAA0901770FBA300E61733</string>
				<string>6AFAA0911770FBA300E61733</string>
			</array>
			<key>defaultConfigurationIsVisible</key>
			<string>0</string>
			<key>isa</key>
			<string>XCConfigurationList</string>
		</dict>
		<key>6AFAA0901770FBA300E61733</key>
		<dict>
			<key>buildSettings</key>
			<dict>
				<key>BUNDLE_LOADER</key>
				<string>$(BUILT_PRODUCTS_DIR)/FinanceLine.app/FinanceLine</string>
				<key>FRAMEWORK_SEARCH_PATHS</key>
				<array>
					<string>"$(SDKROOT)/Developer/Library/Frameworks"</string>
					<string>"$(DEVELOPER_LIBRARY_DIR)/Frameworks"</string>
				</array>
				<key>GCC_PRECOMPILE_PREFIX_HEADER</key>
				<string>YES</string>
				<key>GCC_PREFIX_HEADER</key>
				<string>FinanceLine/FinanceLine-Prefix.pch</string>
				<key>INFOPLIST_FILE</key>
				<string>FinanceLineTests/FinanceLineTests-Info.plist</string>
				<key>PRODUCT_NAME</key>
				<string>$(TARGET_NAME)</string>
				<key>TEST_HOST</key>
				<string>$(BUNDLE_LOADER)</string>
				<key>WRAPPER_EXTENSION</key>
				<string>octest</string>
			</dict>
			<key>isa</key>
			<string>XCBuildConfiguration</string>
			<key>name</key>
			<string>Debug</string>
		</dict>
		<key>6AFAA0911770FBA300E61733</key>
		<dict>
			<key>buildSettings</key>
			<dict>
				<key>BUNDLE_LOADER</key>
				<string>$(BUILT_PRODUCTS_DIR)/FinanceLine.app/FinanceLine</string>
				<key>FRAMEWORK_SEARCH_PATHS</key>
				<array>
					<string>"$(SDKROOT)/Developer/Library/Frameworks"</string>
					<string>"$(DEVELOPER_LIBRARY_DIR)/Frameworks"</string>
				</array>
				<key>GCC_PRECOMPILE_PREFIX_HEADER</key>
				<string>YES</string>
				<key>GCC_PREFIX_HEADER</key>
				<string>FinanceLine/FinanceLine-Prefix.pch</string>
				<key>INFOPLIST_FILE</key>
				<string>FinanceLineTests/FinanceLineTests-Info.plist</string>
				<key>PRODUCT_NAME</key>
				<string>$(TARGET_NAME)</string>
				<key>TEST_HOST</key>
				<string>$(BUNDLE_LOADER)</string>
				<key>WRAPPER_EXTENSION</key>
				<string>octest</string>
			</dict>
			<key>isa</key>
			<string>XCBuildConfiguration</string>
			<key>name</key>
			<string>Release</string>
		</dict>
		<key>6AFAA0951771040400E61733</key>
		<dict>
			<key>fileEncoding</key>
			<string>4</string>
			<key>isa</key>
			<string>PBXFileReference</string>
			<key>lastKnownFileType</key>
			<string>sourcecode.c.h</string>
			<key>path</key>
			<string>TimelineView.h</string>
			<key>sourceTree</key>
			<string>&lt;group&gt;</string>
		</dict>
		<key>6AFAA0961771040400E61733</key>
		<dict>
			<key>fileEncoding</key>
			<string>4</string>
			<key>isa</key>
			<string>PBXFileReference</string>
			<key>lastKnownFileType</key>
			<string>sourcecode.c.objc</string>
			<key>path</key>
			<string>TimelineView.m</string>
			<key>sourceTree</key>
			<string>&lt;group&gt;</string>
		</dict>
		<key>6AFAA0971771040400E61733</key>
		<dict>
			<key>fileRef</key>
			<string>6AFAA0961771040400E61733</string>
			<key>isa</key>
			<string>PBXBuildFile</string>
		</dict>
		<key>6AFAA098177105D700E61733</key>
		<dict>
			<key>children</key>
			<array>
				<string>6AFAA099177105E900E61733</string>
				<string>6AFAA09A177105E900E61733</string>
				<string>6AFAA09C1771060600E61733</string>
				<string>6AFAA09D1771060600E61733</string>
			</array>
			<key>isa</key>
			<string>PBXGroup</string>
			<key>name</key>
			<string>Tracks</string>
			<key>sourceTree</key>
			<string>&lt;group&gt;</string>
		</dict>
		<key>6AFAA099177105E900E61733</key>
		<dict>
			<key>fileEncoding</key>
			<string>4</string>
			<key>isa</key>
			<string>PBXFileReference</string>
			<key>lastKnownFileType</key>
			<string>sourcecode.c.h</string>
			<key>path</key>
			<string>TrackView.h</string>
			<key>sourceTree</key>
			<string>&lt;group&gt;</string>
		</dict>
		<key>6AFAA09A177105E900E61733</key>
		<dict>
			<key>fileEncoding</key>
			<string>4</string>
			<key>isa</key>
			<string>PBXFileReference</string>
			<key>lastKnownFileType</key>
			<string>sourcecode.c.objc</string>
			<key>path</key>
			<string>TrackView.m</string>
			<key>sourceTree</key>
			<string>&lt;group&gt;</string>
		</dict>
		<key>6AFAA09B177105E900E61733</key>
		<dict>
			<key>fileRef</key>
			<string>6AFAA09A177105E900E61733</string>
			<key>isa</key>
			<string>PBXBuildFile</string>
		</dict>
		<key>6AFAA09C1771060600E61733</key>
		<dict>
			<key>fileEncoding</key>
			<string>4</string>
			<key>isa</key>
			<string>PBXFileReference</string>
			<key>lastKnownFileType</key>
			<string>sourcecode.c.h</string>
			<key>path</key>
			<string>TimelineTrackView.h</string>
			<key>sourceTree</key>
			<string>&lt;group&gt;</string>
		</dict>
		<key>6AFAA09D1771060600E61733</key>
		<dict>
			<key>fileEncoding</key>
			<string>4</string>
			<key>isa</key>
			<string>PBXFileReference</string>
			<key>lastKnownFileType</key>
			<string>sourcecode.c.objc</string>
			<key>path</key>
			<string>TimelineTrackView.m</string>
			<key>sourceTree</key>
			<string>&lt;group&gt;</string>
		</dict>
		<key>6AFAA09E1771060600E61733</key>
		<dict>
			<key>fileRef</key>
			<string>6AFAA09D1771060600E61733</string>
			<key>isa</key>
			<string>PBXBuildFile</string>
		</dict>
		<key>75DFB47D397041C98957838E</key>
		<dict>
			<key>includeInIndex</key>
			<string>1</string>
			<key>isa</key>
			<string>PBXFileReference</string>
			<key>lastKnownFileType</key>
			<string>text.xcconfig</string>
			<key>name</key>
			<string>Pods.xcconfig</string>
			<key>path</key>
			<string>Pods/Pods.xcconfig</string>
			<key>sourceTree</key>
			<string>SOURCE_ROOT</string>
		</dict>
		<key>82274B3FEAED4752B568F996</key>
		<dict>
			<key>buildActionMask</key>
			<string>2147483647</string>
			<key>files</key>
			<array/>
			<key>inputPaths</key>
			<array/>
			<key>isa</key>
			<string>PBXShellScriptBuildPhase</string>
			<key>name</key>
			<string>Copy Pods Resources</string>
			<key>outputPaths</key>
			<array/>
			<key>runOnlyForDeploymentPostprocessing</key>
			<string>0</string>
			<key>shellPath</key>
			<string>/bin/sh</string>
			<key>shellScript</key>
			<string>"${SRCROOT}/Pods/Pods-resources.sh"
</string>
			<key>showEnvVarsInLog</key>
			<string>1</string>
		</dict>
	</dict>
	<key>rootObject</key>
	<string>6AFAA04C1770FBA300E61733</string>
</dict>
</plist>
