// !$*UTF8*$!
{
	archiveVersion = 1;
	classes = {
	};
	objectVersion = 46;
	objects = {

/* Begin PBXBuildFile section */
		08ED5D6DF9FB496998D1D629 /* libPods.a in Frameworks */ = {isa = PBXBuildFile; fileRef = 5CDC51C581274F86A11A0736 /* libPods.a */; };
		6A0893241773318A00C2AC31 /* QuartzCore.framework in Frameworks */ = {isa = PBXBuildFile; fileRef = 6A0893231773318900C2AC31 /* QuartzCore.framework */; };
		6A3A826E17CC1B2E00E9C0EF /* AmountEditController.m in Sources */ = {isa = PBXBuildFile; fileRef = 6A3A826D17CC1B2E00E9C0EF /* AmountEditController.m */; };
		6A3A827517CEBA5900E9C0EF /* InvestmentEditController.m in Sources */ = {isa = PBXBuildFile; fileRef = 6A3A827417CEBA5900E9C0EF /* InvestmentEditController.m */; };
		6A99DB7E178B58BD0096AAB7 /* LineGraphTrack.m in Sources */ = {isa = PBXBuildFile; fileRef = 6A99DB7D178B58BD0096AAB7 /* LineGraphTrack.m */; };
		6A99DB81178B59250096AAB7 /* DataTrack.m in Sources */ = {isa = PBXBuildFile; fileRef = 6A99DB80178B59250096AAB7 /* DataTrack.m */; };
		6A99DB85178B72F20096AAB7 /* AnnuityTrackView.m in Sources */ = {isa = PBXBuildFile; fileRef = 6A99DB84178B72F20096AAB7 /* AnnuityTrackView.m */; };
		6A99DB88178B81DA0096AAB7 /* Selection.m in Sources */ = {isa = PBXBuildFile; fileRef = 6A99DB87178B81DA0096AAB7 /* Selection.m */; };
		6A99DB8B178CCB5A0096AAB7 /* PanelView.m in Sources */ = {isa = PBXBuildFile; fileRef = 6A99DB8A178CCB590096AAB7 /* PanelView.m */; };
		6A99DB8E178CD4490096AAB7 /* SelectionEditViewController.m in Sources */ = {isa = PBXBuildFile; fileRef = 6A99DB8D178CD4490096AAB7 /* SelectionEditViewController.m */; };
		6A99DB91178F7D500096AAB7 /* DividerTrackView.m in Sources */ = {isa = PBXBuildFile; fileRef = 6A99DB90178F7D500096AAB7 /* DividerTrackView.m */; };
		6A99DB941790B8C20096AAB7 /* FinanceModel.m in Sources */ = {isa = PBXBuildFile; fileRef = 6A99DB931790B8C10096AAB7 /* FinanceModel.m */; };
		6A99DB971794C70E0096AAB7 /* StatusTrackView.m in Sources */ = {isa = PBXBuildFile; fileRef = 6A99DB961794C70E0096AAB7 /* StatusTrackView.m */; };
		6A99DB9917975C650096AAB7 /* numberline-icon-retina.png in Resources */ = {isa = PBXBuildFile; fileRef = 6A99DB9817975C650096AAB7 /* numberline-icon-retina.png */; };
		6A99DB9B17975C6C0096AAB7 /* numberline-icon-72.png in Resources */ = {isa = PBXBuildFile; fileRef = 6A99DB9A17975C6C0096AAB7 /* numberline-icon-72.png */; };
		6A99DB9D179B26DD0096AAB7 /* Logo2.png in Resources */ = {isa = PBXBuildFile; fileRef = 6A99DB9C179B26DD0096AAB7 /* Logo2.png */; };
		6A99DB9F179B28270096AAB7 /* Logo1.png in Resources */ = {isa = PBXBuildFile; fileRef = 6A99DB9E179B28270096AAB7 /* Logo1.png */; };
		6A99DBA117A1EBFE0096AAB7 /* Name Banner.png in Resources */ = {isa = PBXBuildFile; fileRef = 6A99DBA017A1EBFE0096AAB7 /* Name Banner.png */; };
		6A99DBA417AD6A780096AAB7 /* ScrubbableTextView.m in Sources */ = {isa = PBXBuildFile; fileRef = 6A99DBA317AD6A780096AAB7 /* ScrubbableTextView.m */; };
		6AFAA0581770FBA300E61733 /* UIKit.framework in Frameworks */ = {isa = PBXBuildFile; fileRef = 6AFAA0571770FBA300E61733 /* UIKit.framework */; };
		6AFAA05A1770FBA300E61733 /* Foundation.framework in Frameworks */ = {isa = PBXBuildFile; fileRef = 6AFAA0591770FBA300E61733 /* Foundation.framework */; };
		6AFAA05C1770FBA300E61733 /* CoreGraphics.framework in Frameworks */ = {isa = PBXBuildFile; fileRef = 6AFAA05B1770FBA300E61733 /* CoreGraphics.framework */; };
		6AFAA0621770FBA300E61733 /* InfoPlist.strings in Resources */ = {isa = PBXBuildFile; fileRef = 6AFAA0601770FBA300E61733 /* InfoPlist.strings */; };
		6AFAA0641770FBA300E61733 /* main.m in Sources */ = {isa = PBXBuildFile; fileRef = 6AFAA0631770FBA300E61733 /* main.m */; };
		6AFAA0681770FBA300E61733 /* AppDelegate.m in Sources */ = {isa = PBXBuildFile; fileRef = 6AFAA0671770FBA300E61733 /* AppDelegate.m */; };
		6AFAA06A1770FBA300E61733 /* Default.png in Resources */ = {isa = PBXBuildFile; fileRef = 6AFAA0691770FBA300E61733 /* Default.png */; };
		6AFAA06C1770FBA300E61733 /* Default@2x.png in Resources */ = {isa = PBXBuildFile; fileRef = 6AFAA06B1770FBA300E61733 /* Default@2x.png */; };
		6AFAA06E1770FBA300E61733 /* Default-568h@2x.png in Resources */ = {isa = PBXBuildFile; fileRef = 6AFAA06D1770FBA300E61733 /* Default-568h@2x.png */; };
		6AFAA0711770FBA300E61733 /* MainStoryboard.storyboard in Resources */ = {isa = PBXBuildFile; fileRef = 6AFAA06F1770FBA300E61733 /* MainStoryboard.storyboard */; };
		6AFAA0741770FBA300E61733 /* TimelineViewController.m in Sources */ = {isa = PBXBuildFile; fileRef = 6AFAA0731770FBA300E61733 /* TimelineViewController.m */; };
		6AFAA07C1770FBA300E61733 /* SenTestingKit.framework in Frameworks */ = {isa = PBXBuildFile; fileRef = 6AFAA07B1770FBA300E61733 /* SenTestingKit.framework */; };
		6AFAA07D1770FBA300E61733 /* UIKit.framework in Frameworks */ = {isa = PBXBuildFile; fileRef = 6AFAA0571770FBA300E61733 /* UIKit.framework */; };
		6AFAA07E1770FBA300E61733 /* Foundation.framework in Frameworks */ = {isa = PBXBuildFile; fileRef = 6AFAA0591770FBA300E61733 /* Foundation.framework */; };
		6AFAA0861770FBA300E61733 /* InfoPlist.strings in Resources */ = {isa = PBXBuildFile; fileRef = 6AFAA0841770FBA300E61733 /* InfoPlist.strings */; };
		6AFAA0891770FBA300E61733 /* FinanceLineTests.m in Sources */ = {isa = PBXBuildFile; fileRef = 6AFAA0881770FBA300E61733 /* FinanceLineTests.m */; };
		6AFAA0971771040400E61733 /* TimelineView.m in Sources */ = {isa = PBXBuildFile; fileRef = 6AFAA0961771040400E61733 /* TimelineView.m */; };
		6AFAA09B177105E900E61733 /* TrackView.m in Sources */ = {isa = PBXBuildFile; fileRef = 6AFAA09A177105E900E61733 /* TrackView.m */; };
		6AFAA09E1771060600E61733 /* TimelineTrackView.m in Sources */ = {isa = PBXBuildFile; fileRef = 6AFAA09D1771060600E61733 /* TimelineTrackView.m */; };
/* End PBXBuildFile section */

/* Begin PBXContainerItemProxy section */
		6AFAA07F1770FBA300E61733 /* PBXContainerItemProxy */ = {
			isa = PBXContainerItemProxy;
			containerPortal = 6AFAA04C1770FBA300E61733 /* Project object */;
			proxyType = 1;
			remoteGlobalIDString = 6AFAA0531770FBA300E61733;
			remoteInfo = FinanceLine;
		};
/* End PBXContainerItemProxy section */

/* Begin PBXFileReference section */
		5CDC51C581274F86A11A0736 /* libPods.a */ = {isa = PBXFileReference; explicitFileType = archive.ar; includeInIndex = 0; path = libPods.a; sourceTree = BUILT_PRODUCTS_DIR; };
		6A0893231773318900C2AC31 /* QuartzCore.framework */ = {isa = PBXFileReference; lastKnownFileType = wrapper.framework; name = QuartzCore.framework; path = System/Library/Frameworks/QuartzCore.framework; sourceTree = SDKROOT; };
		6A3A826C17CC1B2E00E9C0EF /* AmountEditController.h */ = {isa = PBXFileReference; fileEncoding = 4; lastKnownFileType = sourcecode.c.h; path = AmountEditController.h; sourceTree = "<group>"; };
		6A3A826D17CC1B2E00E9C0EF /* AmountEditController.m */ = {isa = PBXFileReference; fileEncoding = 4; lastKnownFileType = sourcecode.c.objc; path = AmountEditController.m; sourceTree = "<group>"; };
		6A3A827317CEBA5900E9C0EF /* InvestmentEditController.h */ = {isa = PBXFileReference; fileEncoding = 4; lastKnownFileType = sourcecode.c.h; path = InvestmentEditController.h; sourceTree = "<group>"; };
		6A3A827417CEBA5900E9C0EF /* InvestmentEditController.m */ = {isa = PBXFileReference; fileEncoding = 4; lastKnownFileType = sourcecode.c.objc; path = InvestmentEditController.m; sourceTree = "<group>"; };
		6A99DB7C178B58BD0096AAB7 /* LineGraphTrack.h */ = {isa = PBXFileReference; fileEncoding = 4; lastKnownFileType = sourcecode.c.h; path = LineGraphTrack.h; sourceTree = "<group>"; };
		6A99DB7D178B58BD0096AAB7 /* LineGraphTrack.m */ = {isa = PBXFileReference; fileEncoding = 4; lastKnownFileType = sourcecode.c.objc; path = LineGraphTrack.m; sourceTree = "<group>"; };
		6A99DB7F178B59250096AAB7 /* DataTrack.h */ = {isa = PBXFileReference; fileEncoding = 4; lastKnownFileType = sourcecode.c.h; path = DataTrack.h; sourceTree = "<group>"; };
		6A99DB80178B59250096AAB7 /* DataTrack.m */ = {isa = PBXFileReference; fileEncoding = 4; lastKnownFileType = sourcecode.c.objc; path = DataTrack.m; sourceTree = "<group>"; };
		6A99DB82178B5A200096AAB7 /* Constants.h */ = {isa = PBXFileReference; lastKnownFileType = sourcecode.c.h; path = Constants.h; sourceTree = "<group>"; };
		6A99DB83178B72F20096AAB7 /* AnnuityTrackView.h */ = {isa = PBXFileReference; fileEncoding = 4; lastKnownFileType = sourcecode.c.h; path = AnnuityTrackView.h; sourceTree = "<group>"; };
		6A99DB84178B72F20096AAB7 /* AnnuityTrackView.m */ = {isa = PBXFileReference; fileEncoding = 4; lastKnownFileType = sourcecode.c.objc; path = AnnuityTrackView.m; sourceTree = "<group>"; };
		6A99DB86178B81DA0096AAB7 /* Selection.h */ = {isa = PBXFileReference; fileEncoding = 4; lastKnownFileType = sourcecode.c.h; path = Selection.h; sourceTree = "<group>"; };
		6A99DB87178B81DA0096AAB7 /* Selection.m */ = {isa = PBXFileReference; fileEncoding = 4; lastKnownFileType = sourcecode.c.objc; path = Selection.m; sourceTree = "<group>"; };
		6A99DB89178CCB590096AAB7 /* PanelView.h */ = {isa = PBXFileReference; fileEncoding = 4; lastKnownFileType = sourcecode.c.h; path = PanelView.h; sourceTree = "<group>"; };
		6A99DB8A178CCB590096AAB7 /* PanelView.m */ = {isa = PBXFileReference; fileEncoding = 4; lastKnownFileType = sourcecode.c.objc; path = PanelView.m; sourceTree = "<group>"; };
		6A99DB8C178CD4490096AAB7 /* SelectionEditViewController.h */ = {isa = PBXFileReference; fileEncoding = 4; lastKnownFileType = sourcecode.c.h; path = SelectionEditViewController.h; sourceTree = "<group>"; };
		6A99DB8D178CD4490096AAB7 /* SelectionEditViewController.m */ = {isa = PBXFileReference; fileEncoding = 4; lastKnownFileType = sourcecode.c.objc; path = SelectionEditViewController.m; sourceTree = "<group>"; };
		6A99DB8F178F7D500096AAB7 /* DividerTrackView.h */ = {isa = PBXFileReference; fileEncoding = 4; lastKnownFileType = sourcecode.c.h; path = DividerTrackView.h; sourceTree = "<group>"; };
		6A99DB90178F7D500096AAB7 /* DividerTrackView.m */ = {isa = PBXFileReference; fileEncoding = 4; lastKnownFileType = sourcecode.c.objc; path = DividerTrackView.m; sourceTree = "<group>"; };
		6A99DB921790B8C10096AAB7 /* FinanceModel.h */ = {isa = PBXFileReference; fileEncoding = 4; lastKnownFileType = sourcecode.c.h; path = FinanceModel.h; sourceTree = "<group>"; };
		6A99DB931790B8C10096AAB7 /* FinanceModel.m */ = {isa = PBXFileReference; fileEncoding = 4; lastKnownFileType = sourcecode.c.objc; path = FinanceModel.m; sourceTree = "<group>"; };
		6A99DB951794C70E0096AAB7 /* StatusTrackView.h */ = {isa = PBXFileReference; fileEncoding = 4; lastKnownFileType = sourcecode.c.h; path = StatusTrackView.h; sourceTree = "<group>"; };
		6A99DB961794C70E0096AAB7 /* StatusTrackView.m */ = {isa = PBXFileReference; fileEncoding = 4; lastKnownFileType = sourcecode.c.objc; path = StatusTrackView.m; sourceTree = "<group>"; };
		6A99DB9817975C650096AAB7 /* numberline-icon-retina.png */ = {isa = PBXFileReference; lastKnownFileType = image.png; path = "numberline-icon-retina.png"; sourceTree = "<group>"; };
		6A99DB9A17975C6C0096AAB7 /* numberline-icon-72.png */ = {isa = PBXFileReference; lastKnownFileType = image.png; path = "numberline-icon-72.png"; sourceTree = "<group>"; };
		6A99DB9C179B26DD0096AAB7 /* Logo2.png */ = {isa = PBXFileReference; lastKnownFileType = image.png; path = Logo2.png; sourceTree = "<group>"; };
		6A99DB9E179B28270096AAB7 /* Logo1.png */ = {isa = PBXFileReference; lastKnownFileType = image.png; path = Logo1.png; sourceTree = "<group>"; };
		6A99DBA017A1EBFE0096AAB7 /* Name Banner.png */ = {isa = PBXFileReference; lastKnownFileType = image.png; path = "Name Banner.png"; sourceTree = "<group>"; };
		6A99DBA217AD6A770096AAB7 /* ScrubbableTextView.h */ = {isa = PBXFileReference; fileEncoding = 4; lastKnownFileType = sourcecode.c.h; path = ScrubbableTextView.h; sourceTree = "<group>"; };
		6A99DBA317AD6A780096AAB7 /* ScrubbableTextView.m */ = {isa = PBXFileReference; fileEncoding = 4; lastKnownFileType = sourcecode.c.objc; path = ScrubbableTextView.m; sourceTree = "<group>"; };
		6AFAA0541770FBA300E61733 /* FinanceLine.app */ = {isa = PBXFileReference; explicitFileType = wrapper.application; includeInIndex = 0; path = FinanceLine.app; sourceTree = BUILT_PRODUCTS_DIR; };
		6AFAA0571770FBA300E61733 /* UIKit.framework */ = {isa = PBXFileReference; lastKnownFileType = wrapper.framework; name = UIKit.framework; path = System/Library/Frameworks/UIKit.framework; sourceTree = SDKROOT; };
		6AFAA0591770FBA300E61733 /* Foundation.framework */ = {isa = PBXFileReference; lastKnownFileType = wrapper.framework; name = Foundation.framework; path = System/Library/Frameworks/Foundation.framework; sourceTree = SDKROOT; };
		6AFAA05B1770FBA300E61733 /* CoreGraphics.framework */ = {isa = PBXFileReference; lastKnownFileType = wrapper.framework; name = CoreGraphics.framework; path = System/Library/Frameworks/CoreGraphics.framework; sourceTree = SDKROOT; };
		6AFAA05F1770FBA300E61733 /* FinanceLine-Info.plist */ = {isa = PBXFileReference; lastKnownFileType = text.plist.xml; path = "FinanceLine-Info.plist"; sourceTree = "<group>"; };
		6AFAA0611770FBA300E61733 /* en */ = {isa = PBXFileReference; lastKnownFileType = text.plist.strings; name = en; path = en.lproj/InfoPlist.strings; sourceTree = "<group>"; };
		6AFAA0631770FBA300E61733 /* main.m */ = {isa = PBXFileReference; lastKnownFileType = sourcecode.c.objc; path = main.m; sourceTree = "<group>"; };
		6AFAA0651770FBA300E61733 /* FinanceLine-Prefix.pch */ = {isa = PBXFileReference; lastKnownFileType = sourcecode.c.h; path = "FinanceLine-Prefix.pch"; sourceTree = "<group>"; };
		6AFAA0661770FBA300E61733 /* AppDelegate.h */ = {isa = PBXFileReference; lastKnownFileType = sourcecode.c.h; path = AppDelegate.h; sourceTree = "<group>"; };
		6AFAA0671770FBA300E61733 /* AppDelegate.m */ = {isa = PBXFileReference; lastKnownFileType = sourcecode.c.objc; path = AppDelegate.m; sourceTree = "<group>"; };
		6AFAA0691770FBA300E61733 /* Default.png */ = {isa = PBXFileReference; lastKnownFileType = image.png; path = Default.png; sourceTree = "<group>"; };
		6AFAA06B1770FBA300E61733 /* Default@2x.png */ = {isa = PBXFileReference; lastKnownFileType = image.png; path = "Default@2x.png"; sourceTree = "<group>"; };
		6AFAA06D1770FBA300E61733 /* Default-568h@2x.png */ = {isa = PBXFileReference; lastKnownFileType = image.png; path = "Default-568h@2x.png"; sourceTree = "<group>"; };
		6AFAA0701770FBA300E61733 /* en */ = {isa = PBXFileReference; lastKnownFileType = file.storyboard; name = en; path = en.lproj/MainStoryboard.storyboard; sourceTree = "<group>"; };
		6AFAA0721770FBA300E61733 /* TimelineViewController.h */ = {isa = PBXFileReference; lastKnownFileType = sourcecode.c.h; path = TimelineViewController.h; sourceTree = "<group>"; };
		6AFAA0731770FBA300E61733 /* TimelineViewController.m */ = {isa = PBXFileReference; lastKnownFileType = sourcecode.c.objc; path = TimelineViewController.m; sourceTree = "<group>"; };
		6AFAA07A1770FBA300E61733 /* FinanceLineTests.octest */ = {isa = PBXFileReference; explicitFileType = wrapper.cfbundle; includeInIndex = 0; path = FinanceLineTests.octest; sourceTree = BUILT_PRODUCTS_DIR; };
		6AFAA07B1770FBA300E61733 /* SenTestingKit.framework */ = {isa = PBXFileReference; lastKnownFileType = wrapper.framework; name = SenTestingKit.framework; path = Library/Frameworks/SenTestingKit.framework; sourceTree = DEVELOPER_DIR; };
		6AFAA0831770FBA300E61733 /* FinanceLineTests-Info.plist */ = {isa = PBXFileReference; lastKnownFileType = text.plist.xml; path = "FinanceLineTests-Info.plist"; sourceTree = "<group>"; };
		6AFAA0851770FBA300E61733 /* en */ = {isa = PBXFileReference; lastKnownFileType = text.plist.strings; name = en; path = en.lproj/InfoPlist.strings; sourceTree = "<group>"; };
		6AFAA0871770FBA300E61733 /* FinanceLineTests.h */ = {isa = PBXFileReference; lastKnownFileType = sourcecode.c.h; path = FinanceLineTests.h; sourceTree = "<group>"; };
		6AFAA0881770FBA300E61733 /* FinanceLineTests.m */ = {isa = PBXFileReference; lastKnownFileType = sourcecode.c.objc; path = FinanceLineTests.m; sourceTree = "<group>"; };
		6AFAA0951771040400E61733 /* TimelineView.h */ = {isa = PBXFileReference; fileEncoding = 4; lastKnownFileType = sourcecode.c.h; path = TimelineView.h; sourceTree = "<group>"; };
		6AFAA0961771040400E61733 /* TimelineView.m */ = {isa = PBXFileReference; fileEncoding = 4; lastKnownFileType = sourcecode.c.objc; path = TimelineView.m; sourceTree = "<group>"; };
		6AFAA099177105E900E61733 /* TrackView.h */ = {isa = PBXFileReference; fileEncoding = 4; lastKnownFileType = sourcecode.c.h; path = TrackView.h; sourceTree = "<group>"; };
		6AFAA09A177105E900E61733 /* TrackView.m */ = {isa = PBXFileReference; fileEncoding = 4; lastKnownFileType = sourcecode.c.objc; path = TrackView.m; sourceTree = "<group>"; };
		6AFAA09C1771060600E61733 /* TimelineTrackView.h */ = {isa = PBXFileReference; fileEncoding = 4; lastKnownFileType = sourcecode.c.h; path = TimelineTrackView.h; sourceTree = "<group>"; };
		6AFAA09D1771060600E61733 /* TimelineTrackView.m */ = {isa = PBXFileReference; fileEncoding = 4; lastKnownFileType = sourcecode.c.objc; path = TimelineTrackView.m; sourceTree = "<group>"; };
		75DFB47D397041C98957838E /* Pods.xcconfig */ = {isa = PBXFileReference; includeInIndex = 1; lastKnownFileType = text.xcconfig; name = Pods.xcconfig; path = Pods/Pods.xcconfig; sourceTree = SOURCE_ROOT; };
/* End PBXFileReference section */

/* Begin PBXFrameworksBuildPhase section */
		6AFAA0511770FBA300E61733 /* Frameworks */ = {
			isa = PBXFrameworksBuildPhase;
			buildActionMask = 2147483647;
			files = (
				6A0893241773318A00C2AC31 /* QuartzCore.framework in Frameworks */,
				6AFAA0581770FBA300E61733 /* UIKit.framework in Frameworks */,
				6AFAA05A1770FBA300E61733 /* Foundation.framework in Frameworks */,
				6AFAA05C1770FBA300E61733 /* CoreGraphics.framework in Frameworks */,
				08ED5D6DF9FB496998D1D629 /* libPods.a in Frameworks */,
			);
			runOnlyForDeploymentPostprocessing = 0;
		};
		6AFAA0761770FBA300E61733 /* Frameworks */ = {
			isa = PBXFrameworksBuildPhase;
			buildActionMask = 2147483647;
			files = (
				6AFAA07C1770FBA300E61733 /* SenTestingKit.framework in Frameworks */,
				6AFAA07D1770FBA300E61733 /* UIKit.framework in Frameworks */,
				6AFAA07E1770FBA300E61733 /* Foundation.framework in Frameworks */,
			);
			runOnlyForDeploymentPostprocessing = 0;
		};
/* End PBXFrameworksBuildPhase section */

/* Begin PBXGroup section */
		6AFAA04B1770FBA300E61733 = {
			isa = PBXGroup;
			children = (
				6A99DB9A17975C6C0096AAB7 /* numberline-icon-72.png */,
				6A99DB9817975C650096AAB7 /* numberline-icon-retina.png */,
				6A99DB9C179B26DD0096AAB7 /* Logo2.png */,
				6A99DBA017A1EBFE0096AAB7 /* Name Banner.png */,
				6A99DB9E179B28270096AAB7 /* Logo1.png */,
				6AFAA05D1770FBA300E61733 /* FinanceLine */,
				6AFAA0811770FBA300E61733 /* FinanceLineTests */,
				6AFAA0561770FBA300E61733 /* Frameworks */,
				6AFAA0551770FBA300E61733 /* Products */,
				75DFB47D397041C98957838E /* Pods.xcconfig */,
			);
			sourceTree = "<group>";
		};
		6AFAA0551770FBA300E61733 /* Products */ = {
			isa = PBXGroup;
			children = (
				6AFAA0541770FBA300E61733 /* FinanceLine.app */,
				6AFAA07A1770FBA300E61733 /* FinanceLineTests.octest */,
			);
			name = Products;
			sourceTree = "<group>";
		};
		6AFAA0561770FBA300E61733 /* Frameworks */ = {
			isa = PBXGroup;
			children = (
				6A0893231773318900C2AC31 /* QuartzCore.framework */,
				6AFAA0571770FBA300E61733 /* UIKit.framework */,
				6AFAA0591770FBA300E61733 /* Foundation.framework */,
				6AFAA05B1770FBA300E61733 /* CoreGraphics.framework */,
				6AFAA07B1770FBA300E61733 /* SenTestingKit.framework */,
				5CDC51C581274F86A11A0736 /* libPods.a */,
			);
			name = Frameworks;
			sourceTree = "<group>";
		};
		6AFAA05D1770FBA300E61733 /* FinanceLine */ = {
			isa = PBXGroup;
			children = (
				6AFAA098177105D700E61733 /* Tracks */,
				6AFAA05E1770FBA300E61733 /* Supporting Files */,
				6AFAA0661770FBA300E61733 /* AppDelegate.h */,
				6AFAA0671770FBA300E61733 /* AppDelegate.m */,
				6AFAA06F1770FBA300E61733 /* MainStoryboard.storyboard */,
				6AFAA0721770FBA300E61733 /* TimelineViewController.h */,
				6AFAA0731770FBA300E61733 /* TimelineViewController.m */,
				6AFAA0951771040400E61733 /* TimelineView.h */,
				6AFAA0961771040400E61733 /* TimelineView.m */,
				6A99DB7F178B59250096AAB7 /* DataTrack.h */,
				6A99DB80178B59250096AAB7 /* DataTrack.m */,
				6A99DB82178B5A200096AAB7 /* Constants.h */,
				6A99DB86178B81DA0096AAB7 /* Selection.h */,
				6A99DB87178B81DA0096AAB7 /* Selection.m */,
				6A99DB89178CCB590096AAB7 /* PanelView.h */,
				6A99DB8A178CCB590096AAB7 /* PanelView.m */,
				6A99DB8C178CD4490096AAB7 /* SelectionEditViewController.h */,
				6A99DB8D178CD4490096AAB7 /* SelectionEditViewController.m */,
				6A99DB921790B8C10096AAB7 /* FinanceModel.h */,
				6A99DB931790B8C10096AAB7 /* FinanceModel.m */,
				6A99DBA217AD6A770096AAB7 /* ScrubbableTextView.h */,
				6A99DBA317AD6A780096AAB7 /* ScrubbableTextView.m */,
				6A3A826C17CC1B2E00E9C0EF /* AmountEditController.h */,
				6A3A826D17CC1B2E00E9C0EF /* AmountEditController.m */,
				6A3A827317CEBA5900E9C0EF /* InvestmentEditController.h */,
				6A3A827417CEBA5900E9C0EF /* InvestmentEditController.m */,
			);
			path = FinanceLine;
			sourceTree = "<group>";
		};
		6AFAA05E1770FBA300E61733 /* Supporting Files */ = {
			isa = PBXGroup;
			children = (
				6AFAA05F1770FBA300E61733 /* FinanceLine-Info.plist */,
				6AFAA0601770FBA300E61733 /* InfoPlist.strings */,
				6AFAA0631770FBA300E61733 /* main.m */,
				6AFAA0651770FBA300E61733 /* FinanceLine-Prefix.pch */,
				6AFAA0691770FBA300E61733 /* Default.png */,
				6AFAA06B1770FBA300E61733 /* Default@2x.png */,
				6AFAA06D1770FBA300E61733 /* Default-568h@2x.png */,
			);
			name = "Supporting Files";
			sourceTree = "<group>";
		};
		6AFAA0811770FBA300E61733 /* FinanceLineTests */ = {
			isa = PBXGroup;
			children = (
				6AFAA0871770FBA300E61733 /* FinanceLineTests.h */,
				6AFAA0881770FBA300E61733 /* FinanceLineTests.m */,
				6AFAA0821770FBA300E61733 /* Supporting Files */,
			);
			path = FinanceLineTests;
			sourceTree = "<group>";
		};
		6AFAA0821770FBA300E61733 /* Supporting Files */ = {
			isa = PBXGroup;
			children = (
				6AFAA0831770FBA300E61733 /* FinanceLineTests-Info.plist */,
				6AFAA0841770FBA300E61733 /* InfoPlist.strings */,
			);
			name = "Supporting Files";
			sourceTree = "<group>";
		};
		6AFAA098177105D700E61733 /* Tracks */ = {
			isa = PBXGroup;
			children = (
				6AFAA099177105E900E61733 /* TrackView.h */,
				6AFAA09A177105E900E61733 /* TrackView.m */,
				6AFAA09C1771060600E61733 /* TimelineTrackView.h */,
				6AFAA09D1771060600E61733 /* TimelineTrackView.m */,
				6A99DB7C178B58BD0096AAB7 /* LineGraphTrack.h */,
				6A99DB7D178B58BD0096AAB7 /* LineGraphTrack.m */,
				6A99DB83178B72F20096AAB7 /* AnnuityTrackView.h */,
				6A99DB84178B72F20096AAB7 /* AnnuityTrackView.m */,
				6A99DB8F178F7D500096AAB7 /* DividerTrackView.h */,
				6A99DB90178F7D500096AAB7 /* DividerTrackView.m */,
				6A99DB951794C70E0096AAB7 /* StatusTrackView.h */,
				6A99DB961794C70E0096AAB7 /* StatusTrackView.m */,
			);
			name = Tracks;
			sourceTree = "<group>";
		};
/* End PBXGroup section */

/* Begin PBXNativeTarget section */
		6AFAA0531770FBA300E61733 /* FinanceLine */ = {
			isa = PBXNativeTarget;
			buildConfigurationList = 6AFAA08C1770FBA300E61733 /* Build configuration list for PBXNativeTarget "FinanceLine" */;
			buildPhases = (
				6A96A64FA6C24D0191429105 /* Check Pods Manifest.lock */,
				6AFAA0501770FBA300E61733 /* Sources */,
				6AFAA0511770FBA300E61733 /* Frameworks */,
				6AFAA0521770FBA300E61733 /* Resources */,
				82274B3FEAED4752B568F996 /* Copy Pods Resources */,
			);
			buildRules = (
			);
			dependencies = (
			);
			name = FinanceLine;
			productName = FinanceLine;
			productReference = 6AFAA0541770FBA300E61733 /* FinanceLine.app */;
			productType = "com.apple.product-type.application";
		};
		6AFAA0791770FBA300E61733 /* FinanceLineTests */ = {
			isa = PBXNativeTarget;
			buildConfigurationList = 6AFAA08F1770FBA300E61733 /* Build configuration list for PBXNativeTarget "FinanceLineTests" */;
			buildPhases = (
				6AFAA0751770FBA300E61733 /* Sources */,
				6AFAA0761770FBA300E61733 /* Frameworks */,
				6AFAA0771770FBA300E61733 /* Resources */,
				6AFAA0781770FBA300E61733 /* ShellScript */,
			);
			buildRules = (
			);
			dependencies = (
				6AFAA0801770FBA300E61733 /* PBXTargetDependency */,
			);
			name = FinanceLineTests;
			productName = FinanceLineTests;
			productReference = 6AFAA07A1770FBA300E61733 /* FinanceLineTests.octest */;
			productType = "com.apple.product-type.bundle";
		};
/* End PBXNativeTarget section */

/* Begin PBXProject section */
		6AFAA04C1770FBA300E61733 /* Project object */ = {
			isa = PBXProject;
			attributes = {
				LastUpgradeCheck = 0460;
				ORGANIZATIONNAME = "Tristan Hume";
			};
			buildConfigurationList = 6AFAA04F1770FBA300E61733 /* Build configuration list for PBXProject "FinanceLine" */;
			compatibilityVersion = "Xcode 3.2";
			developmentRegion = English;
			hasScannedForEncodings = 0;
			knownRegions = (
				en,
			);
			mainGroup = 6AFAA04B1770FBA300E61733;
			productRefGroup = 6AFAA0551770FBA300E61733 /* Products */;
			projectDirPath = "";
			projectRoot = "";
			targets = (
				6AFAA0531770FBA300E61733 /* FinanceLine */,
				6AFAA0791770FBA300E61733 /* FinanceLineTests */,
			);
		};
/* End PBXProject section */

/* Begin PBXResourcesBuildPhase section */
		6AFAA0521770FBA300E61733 /* Resources */ = {
			isa = PBXResourcesBuildPhase;
			buildActionMask = 2147483647;
			files = (
				6AFAA0621770FBA300E61733 /* InfoPlist.strings in Resources */,
				6AFAA06A1770FBA300E61733 /* Default.png in Resources */,
				6AFAA06C1770FBA300E61733 /* Default@2x.png in Resources */,
				6AFAA06E1770FBA300E61733 /* Default-568h@2x.png in Resources */,
				6AFAA0711770FBA300E61733 /* MainStoryboard.storyboard in Resources */,
				6A99DB9917975C650096AAB7 /* numberline-icon-retina.png in Resources */,
				6A99DB9B17975C6C0096AAB7 /* numberline-icon-72.png in Resources */,
				6A99DB9D179B26DD0096AAB7 /* Logo2.png in Resources */,
				6A99DB9F179B28270096AAB7 /* Logo1.png in Resources */,
				6A99DBA117A1EBFE0096AAB7 /* Name Banner.png in Resources */,
			);
			runOnlyForDeploymentPostprocessing = 0;
		};
		6AFAA0771770FBA300E61733 /* Resources */ = {
			isa = PBXResourcesBuildPhase;
			buildActionMask = 2147483647;
			files = (
				6AFAA0861770FBA300E61733 /* InfoPlist.strings in Resources */,
			);
			runOnlyForDeploymentPostprocessing = 0;
		};
/* End PBXResourcesBuildPhase section */

/* Begin PBXShellScriptBuildPhase section */
		6A96A64FA6C24D0191429105 /* Check Pods Manifest.lock */ = {
			isa = PBXShellScriptBuildPhase;
			buildActionMask = 2147483647;
			files = (
			);
			inputPaths = (
			);
			name = "Check Pods Manifest.lock";
			outputPaths = (
			);
			runOnlyForDeploymentPostprocessing = 0;
			shellPath = /bin/sh;
			shellScript = "diff \"${PODS_ROOT}/../Podfile.lock\" \"${PODS_ROOT}/Manifest.lock\" > /dev/null\nif [[ $? != 0 ]] ; then\n    cat << EOM\nerror: The sandbox is not in sync with the Podfile.lock. Run 'pod install' or update your CocoaPods installation.\nEOM\n    exit 1\nfi\n";
		};
		6AFAA0781770FBA300E61733 /* ShellScript */ = {
			isa = PBXShellScriptBuildPhase;
			buildActionMask = 2147483647;
			files = (
			);
			inputPaths = (
			);
			outputPaths = (
			);
			runOnlyForDeploymentPostprocessing = 0;
			shellPath = /bin/sh;
			shellScript = "# Run the unit tests in this test bundle.\n\"${SYSTEM_DEVELOPER_DIR}/Tools/RunUnitTests\"\n";
		};
		82274B3FEAED4752B568F996 /* Copy Pods Resources */ = {
			isa = PBXShellScriptBuildPhase;
			buildActionMask = 2147483647;
			files = (
			);
			inputPaths = (
			);
			name = "Copy Pods Resources";
			outputPaths = (
			);
			runOnlyForDeploymentPostprocessing = 0;
			shellPath = /bin/sh;
			shellScript = "\"${SRCROOT}/Pods/Pods-resources.sh\"\n";
		};
/* End PBXShellScriptBuildPhase section */

/* Begin PBXSourcesBuildPhase section */
		6AFAA0501770FBA300E61733 /* Sources */ = {
			isa = PBXSourcesBuildPhase;
			buildActionMask = 2147483647;
			files = (
				6AFAA0641770FBA300E61733 /* main.m in Sources */,
				6AFAA0681770FBA300E61733 /* AppDelegate.m in Sources */,
				6AFAA0741770FBA300E61733 /* TimelineViewController.m in Sources */,
				6AFAA0971771040400E61733 /* TimelineView.m in Sources */,
				6AFAA09B177105E900E61733 /* TrackView.m in Sources */,
				6AFAA09E1771060600E61733 /* TimelineTrackView.m in Sources */,
				6A99DB7E178B58BD0096AAB7 /* LineGraphTrack.m in Sources */,
				6A99DB81178B59250096AAB7 /* DataTrack.m in Sources */,
				6A99DB85178B72F20096AAB7 /* AnnuityTrackView.m in Sources */,
				6A99DB88178B81DA0096AAB7 /* Selection.m in Sources */,
				6A99DB8B178CCB5A0096AAB7 /* PanelView.m in Sources */,
				6A99DB8E178CD4490096AAB7 /* SelectionEditViewController.m in Sources */,
				6A99DB91178F7D500096AAB7 /* DividerTrackView.m in Sources */,
				6A99DB941790B8C20096AAB7 /* FinanceModel.m in Sources */,
				6A99DB971794C70E0096AAB7 /* StatusTrackView.m in Sources */,
				6A99DBA417AD6A780096AAB7 /* ScrubbableTextView.m in Sources */,
				6A3A826E17CC1B2E00E9C0EF /* AmountEditController.m in Sources */,
				6A3A827517CEBA5900E9C0EF /* InvestmentEditController.m in Sources */,
			);
			runOnlyForDeploymentPostprocessing = 0;
		};
		6AFAA0751770FBA300E61733 /* Sources */ = {
			isa = PBXSourcesBuildPhase;
			buildActionMask = 2147483647;
			files = (
				6AFAA0891770FBA300E61733 /* FinanceLineTests.m in Sources */,
			);
			runOnlyForDeploymentPostprocessing = 0;
		};
/* End PBXSourcesBuildPhase section */

/* Begin PBXTargetDependency section */
		6AFAA0801770FBA300E61733 /* PBXTargetDependency */ = {
			isa = PBXTargetDependency;
			target = 6AFAA0531770FBA300E61733 /* FinanceLine */;
			targetProxy = 6AFAA07F1770FBA300E61733 /* PBXContainerItemProxy */;
		};
/* End PBXTargetDependency section */

/* Begin PBXVariantGroup section */
		6AFAA0601770FBA300E61733 /* InfoPlist.strings */ = {
			isa = PBXVariantGroup;
			children = (
				6AFAA0611770FBA300E61733 /* en */,
			);
			name = InfoPlist.strings;
			sourceTree = "<group>";
		};
		6AFAA06F1770FBA300E61733 /* MainStoryboard.storyboard */ = {
			isa = PBXVariantGroup;
			children = (
				6AFAA0701770FBA300E61733 /* en */,
			);
			name = MainStoryboard.storyboard;
			sourceTree = "<group>";
		};
		6AFAA0841770FBA300E61733 /* InfoPlist.strings */ = {
			isa = PBXVariantGroup;
			children = (
				6AFAA0851770FBA300E61733 /* en */,
			);
			name = InfoPlist.strings;
			sourceTree = "<group>";
		};
/* End PBXVariantGroup section */

/* Begin XCBuildConfiguration section */
		6AFAA08A1770FBA300E61733 /* Debug */ = {
			isa = XCBuildConfiguration;
			buildSettings = {
				ALWAYS_SEARCH_USER_PATHS = NO;
				CLANG_CXX_LANGUAGE_STANDARD = "gnu++0x";
				CLANG_CXX_LIBRARY = "libc++";
				CLANG_ENABLE_OBJC_ARC = YES;
				CLANG_WARN_CONSTANT_CONVERSION = YES;
				CLANG_WARN_EMPTY_BODY = YES;
				CLANG_WARN_ENUM_CONVERSION = YES;
				CLANG_WARN_INT_CONVERSION = YES;
				CLANG_WARN__DUPLICATE_METHOD_MATCH = YES;
				"CODE_SIGN_IDENTITY[sdk=iphoneos*]" = "iPhone Developer";
				COPY_PHASE_STRIP = NO;
				GCC_C_LANGUAGE_STANDARD = gnu99;
				GCC_DYNAMIC_NO_PIC = NO;
				GCC_OPTIMIZATION_LEVEL = 0;
				GCC_PREPROCESSOR_DEFINITIONS = (
					"DEBUG=1",
					"$(inherited)",
				);
				GCC_SYMBOLS_PRIVATE_EXTERN = NO;
				GCC_WARN_ABOUT_RETURN_TYPE = YES;
				GCC_WARN_UNINITIALIZED_AUTOS = YES;
				GCC_WARN_UNUSED_VARIABLE = YES;
				IPHONEOS_DEPLOYMENT_TARGET = 6.1;
				ONLY_ACTIVE_ARCH = YES;
				SDKROOT = iphoneos;
				TARGETED_DEVICE_FAMILY = 2;
			};
			name = Debug;
		};
		6AFAA08B1770FBA300E61733 /* Release */ = {
			isa = XCBuildConfiguration;
			buildSettings = {
				ALWAYS_SEARCH_USER_PATHS = NO;
				CLANG_CXX_LANGUAGE_STANDARD = "gnu++0x";
				CLANG_CXX_LIBRARY = "libc++";
				CLANG_ENABLE_OBJC_ARC = YES;
				CLANG_WARN_CONSTANT_CONVERSION = YES;
				CLANG_WARN_EMPTY_BODY = YES;
				CLANG_WARN_ENUM_CONVERSION = YES;
				CLANG_WARN_INT_CONVERSION = YES;
				CLANG_WARN__DUPLICATE_METHOD_MATCH = YES;
				"CODE_SIGN_IDENTITY[sdk=iphoneos*]" = "iPhone Developer";
				COPY_PHASE_STRIP = YES;
				GCC_C_LANGUAGE_STANDARD = gnu99;
				GCC_WARN_ABOUT_RETURN_TYPE = YES;
				GCC_WARN_UNINITIALIZED_AUTOS = YES;
				GCC_WARN_UNUSED_VARIABLE = YES;
				IPHONEOS_DEPLOYMENT_TARGET = 6.1;
				OTHER_CFLAGS = "-DNS_BLOCK_ASSERTIONS=1";
				SDKROOT = iphoneos;
				TARGETED_DEVICE_FAMILY = 2;
				VALIDATE_PRODUCT = YES;
			};
			name = Release;
		};
		6AFAA08D1770FBA300E61733 /* Debug */ = {
			isa = XCBuildConfiguration;
			baseConfigurationReference = 75DFB47D397041C98957838E /* Pods.xcconfig */;
			buildSettings = {
				GCC_PRECOMPILE_PREFIX_HEADER = YES;
				GCC_PREFIX_HEADER = "FinanceLine/FinanceLine-Prefix.pch";
				INFOPLIST_FILE = "FinanceLine/FinanceLine-Info.plist";
				IPHONEOS_DEPLOYMENT_TARGET = 5.1;
				PRODUCT_NAME = "$(TARGET_NAME)";
				WRAPPER_EXTENSION = app;
			};
			name = Debug;
		};
		6AFAA08E1770FBA300E61733 /* Release */ = {
			isa = XCBuildConfiguration;
			baseConfigurationReference = 75DFB47D397041C98957838E /* Pods.xcconfig */;
			buildSettings = {
				GCC_PRECOMPILE_PREFIX_HEADER = YES;
				GCC_PREFIX_HEADER = "FinanceLine/FinanceLine-Prefix.pch";
				INFOPLIST_FILE = "FinanceLine/FinanceLine-Info.plist";
				IPHONEOS_DEPLOYMENT_TARGET = 5.1;
				PRODUCT_NAME = "$(TARGET_NAME)";
				WRAPPER_EXTENSION = app;
			};
			name = Release;
		};
		6AFAA0901770FBA300E61733 /* Debug */ = {
			isa = XCBuildConfiguration;
			buildSettings = {
				BUNDLE_LOADER = "$(BUILT_PRODUCTS_DIR)/FinanceLine.app/FinanceLine";
				FRAMEWORK_SEARCH_PATHS = (
					"\"$(SDKROOT)/Developer/Library/Frameworks\"",
					"\"$(DEVELOPER_LIBRARY_DIR)/Frameworks\"",
				);
				GCC_PRECOMPILE_PREFIX_HEADER = YES;
				GCC_PREFIX_HEADER = "FinanceLine/FinanceLine-Prefix.pch";
				INFOPLIST_FILE = "FinanceLineTests/FinanceLineTests-Info.plist";
				PRODUCT_NAME = "$(TARGET_NAME)";
				TEST_HOST = "$(BUNDLE_LOADER)";
				WRAPPER_EXTENSION = octest;
			};
			name = Debug;
		};
		6AFAA0911770FBA300E61733 /* Release */ = {
			isa = XCBuildConfiguration;
			buildSettings = {
				BUNDLE_LOADER = "$(BUILT_PRODUCTS_DIR)/FinanceLine.app/FinanceLine";
				FRAMEWORK_SEARCH_PATHS = (
					"\"$(SDKROOT)/Developer/Library/Frameworks\"",
					"\"$(DEVELOPER_LIBRARY_DIR)/Frameworks\"",
				);
				GCC_PRECOMPILE_PREFIX_HEADER = YES;
				GCC_PREFIX_HEADER = "FinanceLine/FinanceLine-Prefix.pch";
				INFOPLIST_FILE = "FinanceLineTests/FinanceLineTests-Info.plist";
				PRODUCT_NAME = "$(TARGET_NAME)";
				TEST_HOST = "$(BUNDLE_LOADER)";
				WRAPPER_EXTENSION = octest;
			};
			name = Release;
		};
/* End XCBuildConfiguration section */

/* Begin XCConfigurationList section */
		6AFAA04F1770FBA300E61733 /* Build configuration list for PBXProject "FinanceLine" */ = {
			isa = XCConfigurationList;
			buildConfigurations = (
				6AFAA08A1770FBA300E61733 /* Debug */,
				6AFAA08B1770FBA300E61733 /* Release */,
			);
			defaultConfigurationIsVisible = 0;
			defaultConfigurationName = Release;
		};
		6AFAA08C1770FBA300E61733 /* Build configuration list for PBXNativeTarget "FinanceLine" */ = {
			isa = XCConfigurationList;
			buildConfigurations = (
				6AFAA08D1770FBA300E61733 /* Debug */,
				6AFAA08E1770FBA300E61733 /* Release */,
			);
			defaultConfigurationIsVisible = 0;
			defaultConfigurationName = Release;
		};
		6AFAA08F1770FBA300E61733 /* Build configuration list for PBXNativeTarget "FinanceLineTests" */ = {
			isa = XCConfigurationList;
			buildConfigurations = (
				6AFAA0901770FBA300E61733 /* Debug */,
				6AFAA0911770FBA300E61733 /* Release */,
			);
			defaultConfigurationIsVisible = 0;
			defaultConfigurationName = Release;
		};
/* End XCConfigurationList section */
	};
	rootObject = 6AFAA04C1770FBA300E61733 /* Project object */;
}
